// !$*UTF8*$!
{
	archiveVersion = 1;
	classes = {
	};
	objectVersion = 52;
	objects = {

/* Begin PBXBuildFile section */
		615409A2265E78E800ABB8FB /* CardCell.swift in Sources */ = {isa = PBXBuildFile; fileRef = 6154099D265E78E800ABB8FB /* CardCell.swift */; };
		615409A3265E78E800ABB8FB /* CardBackView.xib in Resources */ = {isa = PBXBuildFile; fileRef = 6154099E265E78E800ABB8FB /* CardBackView.xib */; };
		615409A4265E78E800ABB8FB /* CardFrontView.xib in Resources */ = {isa = PBXBuildFile; fileRef = 6154099F265E78E800ABB8FB /* CardFrontView.xib */; };
		615409A5265E78E800ABB8FB /* CardFrontView.swift in Sources */ = {isa = PBXBuildFile; fileRef = 615409A0265E78E800ABB8FB /* CardFrontView.swift */; };
		615409A6265E78E800ABB8FB /* CardBackView.swift in Sources */ = {isa = PBXBuildFile; fileRef = 615409A1265E78E800ABB8FB /* CardBackView.swift */; };
		615409AE265E790000ABB8FB /* Assets.xcassets in Resources */ = {isa = PBXBuildFile; fileRef = 615409A9265E790000ABB8FB /* Assets.xcassets */; };
		615409B0265E790000ABB8FB /* AppDelegate.swift in Sources */ = {isa = PBXBuildFile; fileRef = 615409AC265E790000ABB8FB /* AppDelegate.swift */; };
		615409B1265E790000ABB8FB /* SceneDelegate.swift in Sources */ = {isa = PBXBuildFile; fileRef = 615409AD265E790000ABB8FB /* SceneDelegate.swift */; };
		616F1917265EA776008530EB /* Reusable in Frameworks */ = {isa = PBXBuildFile; productRef = 616F1916265EA776008530EB /* Reusable */; };
		61E13191260A93F500FAFC82 /* DeckViewController.swift in Sources */ = {isa = PBXBuildFile; fileRef = 61E13190260A93F500FAFC82 /* DeckViewController.swift */; };
		61E13194260A93F500FAFC82 /* Main.storyboard in Resources */ = {isa = PBXBuildFile; fileRef = 61E13192260A93F500FAFC82 /* Main.storyboard */; };
		61E131A3260A957F00FAFC82 /* Card.swift in Sources */ = {isa = PBXBuildFile; fileRef = 61E131A2260A957F00FAFC82 /* Card.swift */; };
		61E131A8260BB27D00FAFC82 /* CardDeck.swift in Sources */ = {isa = PBXBuildFile; fileRef = 61E131A7260BB27D00FAFC82 /* CardDeck.swift */; };
/* End PBXBuildFile section */

/* Begin PBXFileReference section */
		6154099D265E78E800ABB8FB /* CardCell.swift */ = {isa = PBXFileReference; fileEncoding = 4; lastKnownFileType = sourcecode.swift; path = CardCell.swift; sourceTree = "<group>"; };
		6154099E265E78E800ABB8FB /* CardBackView.xib */ = {isa = PBXFileReference; fileEncoding = 4; lastKnownFileType = file.xib; path = CardBackView.xib; sourceTree = "<group>"; };
		6154099F265E78E800ABB8FB /* CardFrontView.xib */ = {isa = PBXFileReference; fileEncoding = 4; lastKnownFileType = file.xib; path = CardFrontView.xib; sourceTree = "<group>"; };
		615409A0265E78E800ABB8FB /* CardFrontView.swift */ = {isa = PBXFileReference; fileEncoding = 4; lastKnownFileType = sourcecode.swift; path = CardFrontView.swift; sourceTree = "<group>"; };
		615409A1265E78E800ABB8FB /* CardBackView.swift */ = {isa = PBXFileReference; fileEncoding = 4; lastKnownFileType = sourcecode.swift; path = CardBackView.swift; sourceTree = "<group>"; };
		615409A9265E790000ABB8FB /* Assets.xcassets */ = {isa = PBXFileReference; lastKnownFileType = folder.assetcatalog; path = Assets.xcassets; sourceTree = "<group>"; };
		615409AB265E790000ABB8FB /* Base */ = {isa = PBXFileReference; lastKnownFileType = file.storyboard; name = Base; path = Base.lproj/LaunchScreen.storyboard; sourceTree = "<group>"; };
		615409AC265E790000ABB8FB /* AppDelegate.swift */ = {isa = PBXFileReference; fileEncoding = 4; lastKnownFileType = sourcecode.swift; path = AppDelegate.swift; sourceTree = "<group>"; };
		615409AD265E790000ABB8FB /* SceneDelegate.swift */ = {isa = PBXFileReference; fileEncoding = 4; lastKnownFileType = sourcecode.swift; path = SceneDelegate.swift; sourceTree = "<group>"; };
		61E13189260A93F500FAFC82 /* Cardi.app */ = {isa = PBXFileReference; explicitFileType = wrapper.application; includeInIndex = 0; path = Cardi.app; sourceTree = BUILT_PRODUCTS_DIR; };
		61E13190260A93F500FAFC82 /* DeckViewController.swift */ = {isa = PBXFileReference; lastKnownFileType = sourcecode.swift; path = DeckViewController.swift; sourceTree = "<group>"; };
		61E13193260A93F500FAFC82 /* Base */ = {isa = PBXFileReference; lastKnownFileType = file.storyboard; name = Base; path = Base.lproj/Main.storyboard; sourceTree = "<group>"; };
		61E1319A260A93F900FAFC82 /* Info.plist */ = {isa = PBXFileReference; lastKnownFileType = text.plist.xml; path = Info.plist; sourceTree = "<group>"; };
		61E131A2260A957F00FAFC82 /* Card.swift */ = {isa = PBXFileReference; lastKnownFileType = sourcecode.swift; path = Card.swift; sourceTree = "<group>"; };
		61E131A7260BB27D00FAFC82 /* CardDeck.swift */ = {isa = PBXFileReference; lastKnownFileType = sourcecode.swift; path = CardDeck.swift; sourceTree = "<group>"; };
/* End PBXFileReference section */

/* Begin PBXFrameworksBuildPhase section */
		61E13186260A93F500FAFC82 /* Frameworks */ = {
			isa = PBXFrameworksBuildPhase;
			buildActionMask = 2147483647;
			files = (
				616F1917265EA776008530EB /* Reusable in Frameworks */,
			);
			runOnlyForDeploymentPostprocessing = 0;
		};
/* End PBXFrameworksBuildPhase section */

/* Begin PBXGroup section */
		6154099C265E78E800ABB8FB /* Custom Views */ = {
			isa = PBXGroup;
			children = (
				6154099D265E78E800ABB8FB /* CardCell.swift */,
				6154099E265E78E800ABB8FB /* CardBackView.xib */,
				6154099F265E78E800ABB8FB /* CardFrontView.xib */,
				615409A0265E78E800ABB8FB /* CardFrontView.swift */,
				615409A1265E78E800ABB8FB /* CardBackView.swift */,
			);
			path = "Custom Views";
			sourceTree = "<group>";
		};
		615409A8265E790000ABB8FB /* Support */ = {
			isa = PBXGroup;
			children = (
				615409A9265E790000ABB8FB /* Assets.xcassets */,
				615409AA265E790000ABB8FB /* LaunchScreen.storyboard */,
				615409AC265E790000ABB8FB /* AppDelegate.swift */,
				615409AD265E790000ABB8FB /* SceneDelegate.swift */,
			);
			path = Support;
			sourceTree = "<group>";
		};
		61E13180260A93F500FAFC82 = {
			isa = PBXGroup;
			children = (
				61E1318B260A93F500FAFC82 /* Cardi */,
				61E1318A260A93F500FAFC82 /* Products */,
			);
			sourceTree = "<group>";
		};
		61E1318A260A93F500FAFC82 /* Products */ = {
			isa = PBXGroup;
			children = (
				61E13189260A93F500FAFC82 /* Cardi.app */,
			);
			name = Products;
			sourceTree = "<group>";
		};
		61E1318B260A93F500FAFC82 /* Cardi */ = {
			isa = PBXGroup;
			children = (
				615409A8265E790000ABB8FB /* Support */,
				6154099C265E78E800ABB8FB /* Custom Views */,
				61E131A1260A957100FAFC82 /* Model */,
				61E13190260A93F500FAFC82 /* DeckViewController.swift */,
				61E13192260A93F500FAFC82 /* Main.storyboard */,
				61E1319A260A93F900FAFC82 /* Info.plist */,
			);
			path = Cardi;
			sourceTree = "<group>";
		};
		61E131A1260A957100FAFC82 /* Model */ = {
			isa = PBXGroup;
			children = (
				61E131A2260A957F00FAFC82 /* Card.swift */,
				61E131A7260BB27D00FAFC82 /* CardDeck.swift */,
			);
			path = Model;
			sourceTree = "<group>";
		};
/* End PBXGroup section */

/* Begin PBXNativeTarget section */
		61E13188260A93F500FAFC82 /* Cardi */ = {
			isa = PBXNativeTarget;
			buildConfigurationList = 61E1319D260A93F900FAFC82 /* Build configuration list for PBXNativeTarget "Cardi" */;
			buildPhases = (
				61E13185260A93F500FAFC82 /* Sources */,
				61E13186260A93F500FAFC82 /* Frameworks */,
				61E13187260A93F500FAFC82 /* Resources */,
			);
			buildRules = (
			);
			dependencies = (
			);
			name = Cardi;
			packageProductDependencies = (
				616F1916265EA776008530EB /* Reusable */,
			);
			productName = Cardi;
			productReference = 61E13189260A93F500FAFC82 /* Cardi.app */;
			productType = "com.apple.product-type.application";
		};
/* End PBXNativeTarget section */

/* Begin PBXProject section */
		61E13181260A93F500FAFC82 /* Project object */ = {
			isa = PBXProject;
			attributes = {
				LastSwiftUpdateCheck = 1240;
				LastUpgradeCheck = 1240;
				TargetAttributes = {
					61E13188260A93F500FAFC82 = {
						CreatedOnToolsVersion = 12.4;
					};
				};
			};
			buildConfigurationList = 61E13184260A93F500FAFC82 /* Build configuration list for PBXProject "Cardi" */;
			compatibilityVersion = "Xcode 9.3";
			developmentRegion = en;
			hasScannedForEncodings = 0;
			knownRegions = (
				en,
				Base,
			);
			mainGroup = 61E13180260A93F500FAFC82;
			packageReferences = (
				616F1915265EA776008530EB /* XCRemoteSwiftPackageReference "Reusable" */,
			);
			productRefGroup = 61E1318A260A93F500FAFC82 /* Products */;
			projectDirPath = "";
			projectRoot = "";
			targets = (
				61E13188260A93F500FAFC82 /* Cardi */,
			);
		};
/* End PBXProject section */

/* Begin PBXResourcesBuildPhase section */
		61E13187260A93F500FAFC82 /* Resources */ = {
			isa = PBXResourcesBuildPhase;
			buildActionMask = 2147483647;
			files = (
				61E13194260A93F500FAFC82 /* Main.storyboard in Resources */,
				615409A4265E78E800ABB8FB /* CardFrontView.xib in Resources */,
				615409AE265E790000ABB8FB /* Assets.xcassets in Resources */,
				615409A3265E78E800ABB8FB /* CardBackView.xib in Resources */,
			);
			runOnlyForDeploymentPostprocessing = 0;
		};
/* End PBXResourcesBuildPhase section */

/* Begin PBXSourcesBuildPhase section */
		61E13185260A93F500FAFC82 /* Sources */ = {
			isa = PBXSourcesBuildPhase;
			buildActionMask = 2147483647;
			files = (
				61E13191260A93F500FAFC82 /* DeckViewController.swift in Sources */,
				61E131A8260BB27D00FAFC82 /* CardDeck.swift in Sources */,
				615409B0265E790000ABB8FB /* AppDelegate.swift in Sources */,
				615409A6265E78E800ABB8FB /* CardBackView.swift in Sources */,
				615409B1265E790000ABB8FB /* SceneDelegate.swift in Sources */,
				615409A5265E78E800ABB8FB /* CardFrontView.swift in Sources */,
				61E131A3260A957F00FAFC82 /* Card.swift in Sources */,
				615409A2265E78E800ABB8FB /* CardCell.swift in Sources */,
			);
			runOnlyForDeploymentPostprocessing = 0;
		};
/* End PBXSourcesBuildPhase section */

/* Begin PBXVariantGroup section */
		615409AA265E790000ABB8FB /* LaunchScreen.storyboard */ = {
			isa = PBXVariantGroup;
			children = (
				615409AB265E790000ABB8FB /* Base */,
			);
			name = LaunchScreen.storyboard;
			sourceTree = "<group>";
		};
		61E13192260A93F500FAFC82 /* Main.storyboard */ = {
			isa = PBXVariantGroup;
			children = (
				61E13193260A93F500FAFC82 /* Base */,
			);
			name = Main.storyboard;
			sourceTree = "<group>";
		};
/* End PBXVariantGroup section */

/* Begin XCBuildConfiguration section */
		61E1319B260A93F900FAFC82 /* Debug */ = {
			isa = XCBuildConfiguration;
			buildSettings = {
				ALWAYS_SEARCH_USER_PATHS = NO;
				CLANG_ANALYZER_NONNULL = YES;
				CLANG_ANALYZER_NUMBER_OBJECT_CONVERSION = YES_AGGRESSIVE;
				CLANG_CXX_LANGUAGE_STANDARD = "gnu++14";
				CLANG_CXX_LIBRARY = "libc++";
				CLANG_ENABLE_MODULES = YES;
				CLANG_ENABLE_OBJC_ARC = YES;
				CLANG_ENABLE_OBJC_WEAK = YES;
				CLANG_WARN_BLOCK_CAPTURE_AUTORELEASING = YES;
				CLANG_WARN_BOOL_CONVERSION = YES;
				CLANG_WARN_COMMA = YES;
				CLANG_WARN_CONSTANT_CONVERSION = YES;
				CLANG_WARN_DEPRECATED_OBJC_IMPLEMENTATIONS = YES;
				CLANG_WARN_DIRECT_OBJC_ISA_USAGE = YES_ERROR;
				CLANG_WARN_DOCUMENTATION_COMMENTS = YES;
				CLANG_WARN_EMPTY_BODY = YES;
				CLANG_WARN_ENUM_CONVERSION = YES;
				CLANG_WARN_INFINITE_RECURSION = YES;
				CLANG_WARN_INT_CONVERSION = YES;
				CLANG_WARN_NON_LITERAL_NULL_CONVERSION = YES;
				CLANG_WARN_OBJC_IMPLICIT_RETAIN_SELF = YES;
				CLANG_WARN_OBJC_LITERAL_CONVERSION = YES;
				CLANG_WARN_OBJC_ROOT_CLASS = YES_ERROR;
				CLANG_WARN_QUOTED_INCLUDE_IN_FRAMEWORK_HEADER = YES;
				CLANG_WARN_RANGE_LOOP_ANALYSIS = YES;
				CLANG_WARN_STRICT_PROTOTYPES = YES;
				CLANG_WARN_SUSPICIOUS_MOVE = YES;
				CLANG_WARN_UNGUARDED_AVAILABILITY = YES_AGGRESSIVE;
				CLANG_WARN_UNREACHABLE_CODE = YES;
				CLANG_WARN__DUPLICATE_METHOD_MATCH = YES;
				COPY_PHASE_STRIP = NO;
				DEBUG_INFORMATION_FORMAT = dwarf;
				ENABLE_STRICT_OBJC_MSGSEND = YES;
				ENABLE_TESTABILITY = YES;
				GCC_C_LANGUAGE_STANDARD = gnu11;
				GCC_DYNAMIC_NO_PIC = NO;
				GCC_NO_COMMON_BLOCKS = YES;
				GCC_OPTIMIZATION_LEVEL = 0;
				GCC_PREPROCESSOR_DEFINITIONS = (
					"DEBUG=1",
					"$(inherited)",
				);
				GCC_WARN_64_TO_32_BIT_CONVERSION = YES;
				GCC_WARN_ABOUT_RETURN_TYPE = YES_ERROR;
				GCC_WARN_UNDECLARED_SELECTOR = YES;
				GCC_WARN_UNINITIALIZED_AUTOS = YES_AGGRESSIVE;
				GCC_WARN_UNUSED_FUNCTION = YES;
				GCC_WARN_UNUSED_VARIABLE = YES;
				IPHONEOS_DEPLOYMENT_TARGET = 13;
				MTL_ENABLE_DEBUG_INFO = INCLUDE_SOURCE;
				MTL_FAST_MATH = YES;
				ONLY_ACTIVE_ARCH = YES;
				SDKROOT = iphoneos;
				SWIFT_ACTIVE_COMPILATION_CONDITIONS = DEBUG;
				SWIFT_OPTIMIZATION_LEVEL = "-Onone";
			};
			name = Debug;
		};
		61E1319C260A93F900FAFC82 /* Release */ = {
			isa = XCBuildConfiguration;
			buildSettings = {
				ALWAYS_SEARCH_USER_PATHS = NO;
				CLANG_ANALYZER_NONNULL = YES;
				CLANG_ANALYZER_NUMBER_OBJECT_CONVERSION = YES_AGGRESSIVE;
				CLANG_CXX_LANGUAGE_STANDARD = "gnu++14";
				CLANG_CXX_LIBRARY = "libc++";
				CLANG_ENABLE_MODULES = YES;
				CLANG_ENABLE_OBJC_ARC = YES;
				CLANG_ENABLE_OBJC_WEAK = YES;
				CLANG_WARN_BLOCK_CAPTURE_AUTORELEASING = YES;
				CLANG_WARN_BOOL_CONVERSION = YES;
				CLANG_WARN_COMMA = YES;
				CLANG_WARN_CONSTANT_CONVERSION = YES;
				CLANG_WARN_DEPRECATED_OBJC_IMPLEMENTATIONS = YES;
				CLANG_WARN_DIRECT_OBJC_ISA_USAGE = YES_ERROR;
				CLANG_WARN_DOCUMENTATION_COMMENTS = YES;
				CLANG_WARN_EMPTY_BODY = YES;
				CLANG_WARN_ENUM_CONVERSION = YES;
				CLANG_WARN_INFINITE_RECURSION = YES;
				CLANG_WARN_INT_CONVERSION = YES;
				CLANG_WARN_NON_LITERAL_NULL_CONVERSION = YES;
				CLANG_WARN_OBJC_IMPLICIT_RETAIN_SELF = YES;
				CLANG_WARN_OBJC_LITERAL_CONVERSION = YES;
				CLANG_WARN_OBJC_ROOT_CLASS = YES_ERROR;
				CLANG_WARN_QUOTED_INCLUDE_IN_FRAMEWORK_HEADER = YES;
				CLANG_WARN_RANGE_LOOP_ANALYSIS = YES;
				CLANG_WARN_STRICT_PROTOTYPES = YES;
				CLANG_WARN_SUSPICIOUS_MOVE = YES;
				CLANG_WARN_UNGUARDED_AVAILABILITY = YES_AGGRESSIVE;
				CLANG_WARN_UNREACHABLE_CODE = YES;
				CLANG_WARN__DUPLICATE_METHOD_MATCH = YES;
				COPY_PHASE_STRIP = NO;
				DEBUG_INFORMATION_FORMAT = "dwarf-with-dsym";
				ENABLE_NS_ASSERTIONS = NO;
				ENABLE_STRICT_OBJC_MSGSEND = YES;
				GCC_C_LANGUAGE_STANDARD = gnu11;
				GCC_NO_COMMON_BLOCKS = YES;
				GCC_WARN_64_TO_32_BIT_CONVERSION = YES;
				GCC_WARN_ABOUT_RETURN_TYPE = YES_ERROR;
				GCC_WARN_UNDECLARED_SELECTOR = YES;
				GCC_WARN_UNINITIALIZED_AUTOS = YES_AGGRESSIVE;
				GCC_WARN_UNUSED_FUNCTION = YES;
				GCC_WARN_UNUSED_VARIABLE = YES;
				IPHONEOS_DEPLOYMENT_TARGET = 13;
				MTL_ENABLE_DEBUG_INFO = NO;
				MTL_FAST_MATH = YES;
				SDKROOT = iphoneos;
				SWIFT_COMPILATION_MODE = wholemodule;
				SWIFT_OPTIMIZATION_LEVEL = "-O";
				VALIDATE_PRODUCT = YES;
			};
			name = Release;
		};
		61E1319E260A93F900FAFC82 /* Debug */ = {
			isa = XCBuildConfiguration;
			buildSettings = {
				ASSETCATALOG_COMPILER_APPICON_NAME = AppIcon;
				ASSETCATALOG_COMPILER_GLOBAL_ACCENT_COLOR_NAME = AccentColor;
				CODE_SIGN_STYLE = Automatic;
				DEVELOPMENT_TEAM = 8WWJWU7869;
				INFOPLIST_FILE = Cardi/Info.plist;
				LD_RUNPATH_SEARCH_PATHS = (
					"$(inherited)",
					"@executable_path/Frameworks",
				);
				PRODUCT_BUNDLE_IDENTIFIER = com.nadawoud.Cardi;
				PRODUCT_NAME = "$(TARGET_NAME)";
				SWIFT_VERSION = 5.0;
				TARGETED_DEVICE_FAMILY = "1,2";
			};
			name = Debug;
		};
		61E1319F260A93F900FAFC82 /* Release */ = {
			isa = XCBuildConfiguration;
			buildSettings = {
				ASSETCATALOG_COMPILER_APPICON_NAME = AppIcon;
				ASSETCATALOG_COMPILER_GLOBAL_ACCENT_COLOR_NAME = AccentColor;
				CODE_SIGN_STYLE = Automatic;
				DEVELOPMENT_TEAM = 8WWJWU7869;
				INFOPLIST_FILE = Cardi/Info.plist;
				LD_RUNPATH_SEARCH_PATHS = (
					"$(inherited)",
					"@executable_path/Frameworks",
				);
				PRODUCT_BUNDLE_IDENTIFIER = com.nadawoud.Cardi;
				PRODUCT_NAME = "$(TARGET_NAME)";
				SWIFT_VERSION = 5.0;
				TARGETED_DEVICE_FAMILY = "1,2";
			};
			name = Release;
		};
/* End XCBuildConfiguration section */

/* Begin XCConfigurationList section */
		61E13184260A93F500FAFC82 /* Build configuration list for PBXProject "Cardi" */ = {
			isa = XCConfigurationList;
			buildConfigurations = (
				61E1319B260A93F900FAFC82 /* Debug */,
				61E1319C260A93F900FAFC82 /* Release */,
			);
			defaultConfigurationIsVisible = 0;
			defaultConfigurationName = Release;
		};
		61E1319D260A93F900FAFC82 /* Build configuration list for PBXNativeTarget "Cardi" */ = {
			isa = XCConfigurationList;
			buildConfigurations = (
				61E1319E260A93F900FAFC82 /* Debug */,
				61E1319F260A93F900FAFC82 /* Release */,
			);
			defaultConfigurationIsVisible = 0;
			defaultConfigurationName = Release;
		};
/* End XCConfigurationList section */

/* Begin XCRemoteSwiftPackageReference section */
		616F1915265EA776008530EB /* XCRemoteSwiftPackageReference "Reusable" */ = {
			isa = XCRemoteSwiftPackageReference;
			repositoryURL = "https://github.com/AliSoftware/Reusable";
			requirement = {
				kind = upToNextMajorVersion;
				minimumVersion = 4.1.1;
			};
		};
/* End XCRemoteSwiftPackageReference section */

/* Begin XCSwiftPackageProductDependency section */
		616F1916265EA776008530EB /* Reusable */ = {
			isa = XCSwiftPackageProductDependency;
			package = 616F1915265EA776008530EB /* XCRemoteSwiftPackageReference "Reusable" */;
			productName = Reusable;
		};
/* End XCSwiftPackageProductDependency section */
	};
	rootObject = 61E13181260A93F500FAFC82 /* Project object */;
}
